// !$*UTF8*$!
{
	archiveVersion = 1;
	classes = {
	};
	objectVersion = 48;
	objects = {

/* Begin PBXBuildFile section */
		7EA52E2620EB171D00C79413 /* AppDelegate.swift in Sources */ = {isa = PBXBuildFile; fileRef = 7EA52E2520EB171D00C79413 /* AppDelegate.swift */; };
		7EA52E2820EB171D00C79413 /* ViewController.swift in Sources */ = {isa = PBXBuildFile; fileRef = 7EA52E2720EB171D00C79413 /* ViewController.swift */; };
		7EA52E2B20EB171D00C79413 /* Main.storyboard in Resources */ = {isa = PBXBuildFile; fileRef = 7EA52E2920EB171D00C79413 /* Main.storyboard */; };
		7EA52E2E20EB171D00C79413 /* musicLocation.xcdatamodeld in Sources */ = {isa = PBXBuildFile; fileRef = 7EA52E2C20EB171D00C79413 /* musicLocation.xcdatamodeld */; };
		7EA52E3020EB171D00C79413 /* Assets.xcassets in Resources */ = {isa = PBXBuildFile; fileRef = 7EA52E2F20EB171D00C79413 /* Assets.xcassets */; };
		7EA52E3320EB171D00C79413 /* LaunchScreen.storyboard in Resources */ = {isa = PBXBuildFile; fileRef = 7EA52E3120EB171D00C79413 /* LaunchScreen.storyboard */; };
		7EA52E3E20EB171D00C79413 /* musicLocationTests.swift in Sources */ = {isa = PBXBuildFile; fileRef = 7EA52E3D20EB171D00C79413 /* musicLocationTests.swift */; };
		7EA52E4920EB171D00C79413 /* musicLocationUITests.swift in Sources */ = {isa = PBXBuildFile; fileRef = 7EA52E4820EB171D00C79413 /* musicLocationUITests.swift */; };
/* End PBXBuildFile section */

/* Begin PBXContainerItemProxy section */
		7EA52E3A20EB171D00C79413 /* PBXContainerItemProxy */ = {
			isa = PBXContainerItemProxy;
			containerPortal = 7EA52E1A20EB171D00C79413 /* Project object */;
			proxyType = 1;
			remoteGlobalIDString = 7EA52E2120EB171D00C79413;
			remoteInfo = musicLocation;
		};
		7EA52E4520EB171D00C79413 /* PBXContainerItemProxy */ = {
			isa = PBXContainerItemProxy;
			containerPortal = 7EA52E1A20EB171D00C79413 /* Project object */;
			proxyType = 1;
			remoteGlobalIDString = 7EA52E2120EB171D00C79413;
			remoteInfo = musicLocation;
		};
/* End PBXContainerItemProxy section */

/* Begin PBXFileReference section */
		7EA52E2220EB171D00C79413 /* musicLocation.app */ = {isa = PBXFileReference; explicitFileType = wrapper.application; includeInIndex = 0; path = musicLocation.app; sourceTree = BUILT_PRODUCTS_DIR; };
		7EA52E2520EB171D00C79413 /* AppDelegate.swift */ = {isa = PBXFileReference; lastKnownFileType = sourcecode.swift; path = AppDelegate.swift; sourceTree = "<group>"; };
		7EA52E2720EB171D00C79413 /* ViewController.swift */ = {isa = PBXFileReference; lastKnownFileType = sourcecode.swift; path = ViewController.swift; sourceTree = "<group>"; };
		7EA52E2A20EB171D00C79413 /* Base */ = {isa = PBXFileReference; lastKnownFileType = file.storyboard; name = Base; path = Base.lproj/Main.storyboard; sourceTree = "<group>"; };
		7EA52E2D20EB171D00C79413 /* musicLocation.xcdatamodel */ = {isa = PBXFileReference; lastKnownFileType = wrapper.xcdatamodel; path = musicLocation.xcdatamodel; sourceTree = "<group>"; };
		7EA52E2F20EB171D00C79413 /* Assets.xcassets */ = {isa = PBXFileReference; lastKnownFileType = folder.assetcatalog; path = Assets.xcassets; sourceTree = "<group>"; };
		7EA52E3220EB171D00C79413 /* Base */ = {isa = PBXFileReference; lastKnownFileType = file.storyboard; name = Base; path = Base.lproj/LaunchScreen.storyboard; sourceTree = "<group>"; };
		7EA52E3420EB171D00C79413 /* Info.plist */ = {isa = PBXFileReference; lastKnownFileType = text.plist.xml; path = Info.plist; sourceTree = "<group>"; };
		7EA52E3920EB171D00C79413 /* musicLocationTests.xctest */ = {isa = PBXFileReference; explicitFileType = wrapper.cfbundle; includeInIndex = 0; path = musicLocationTests.xctest; sourceTree = BUILT_PRODUCTS_DIR; };
		7EA52E3D20EB171D00C79413 /* musicLocationTests.swift */ = {isa = PBXFileReference; lastKnownFileType = sourcecode.swift; path = musicLocationTests.swift; sourceTree = "<group>"; };
		7EA52E3F20EB171D00C79413 /* Info.plist */ = {isa = PBXFileReference; lastKnownFileType = text.plist.xml; path = Info.plist; sourceTree = "<group>"; };
		7EA52E4420EB171D00C79413 /* musicLocationUITests.xctest */ = {isa = PBXFileReference; explicitFileType = wrapper.cfbundle; includeInIndex = 0; path = musicLocationUITests.xctest; sourceTree = BUILT_PRODUCTS_DIR; };
		7EA52E4820EB171D00C79413 /* musicLocationUITests.swift */ = {isa = PBXFileReference; lastKnownFileType = sourcecode.swift; path = musicLocationUITests.swift; sourceTree = "<group>"; };
		7EA52E4A20EB171D00C79413 /* Info.plist */ = {isa = PBXFileReference; lastKnownFileType = text.plist.xml; path = Info.plist; sourceTree = "<group>"; };
/* End PBXFileReference section */

/* Begin PBXFrameworksBuildPhase section */
		7EA52E1F20EB171D00C79413 /* Frameworks */ = {
			isa = PBXFrameworksBuildPhase;
			buildActionMask = 2147483647;
			files = (
			);
			runOnlyForDeploymentPostprocessing = 0;
		};
		7EA52E3620EB171D00C79413 /* Frameworks */ = {
			isa = PBXFrameworksBuildPhase;
			buildActionMask = 2147483647;
			files = (
			);
			runOnlyForDeploymentPostprocessing = 0;
		};
		7EA52E4120EB171D00C79413 /* Frameworks */ = {
			isa = PBXFrameworksBuildPhase;
			buildActionMask = 2147483647;
			files = (
			);
			runOnlyForDeploymentPostprocessing = 0;
		};
/* End PBXFrameworksBuildPhase section */

/* Begin PBXGroup section */
		7EA52E1920EB171D00C79413 = {
			isa = PBXGroup;
			children = (
				7EA52E2420EB171D00C79413 /* musicLocation */,
				7EA52E3C20EB171D00C79413 /* musicLocationTests */,
				7EA52E4720EB171D00C79413 /* musicLocationUITests */,
				7EA52E2320EB171D00C79413 /* Products */,
			);
			sourceTree = "<group>";
		};
		7EA52E2320EB171D00C79413 /* Products */ = {
			isa = PBXGroup;
			children = (
				7EA52E2220EB171D00C79413 /* musicLocation.app */,
				7EA52E3920EB171D00C79413 /* musicLocationTests.xctest */,
				7EA52E4420EB171D00C79413 /* musicLocationUITests.xctest */,
			);
			name = Products;
			sourceTree = "<group>";
		};
		7EA52E2420EB171D00C79413 /* musicLocation */ = {
			isa = PBXGroup;
			children = (
				7EA52E2520EB171D00C79413 /* AppDelegate.swift */,
				7EA52E2720EB171D00C79413 /* ViewController.swift */,
				7EA52E2920EB171D00C79413 /* Main.storyboard */,
				7EA52E2F20EB171D00C79413 /* Assets.xcassets */,
				7EA52E3120EB171D00C79413 /* LaunchScreen.storyboard */,
				7EA52E3420EB171D00C79413 /* Info.plist */,
				7EA52E2C20EB171D00C79413 /* musicLocation.xcdatamodeld */,
			);
			path = musicLocation;
			sourceTree = "<group>";
		};
		7EA52E3C20EB171D00C79413 /* musicLocationTests */ = {
			isa = PBXGroup;
			children = (
				7EA52E3D20EB171D00C79413 /* musicLocationTests.swift */,
				7EA52E3F20EB171D00C79413 /* Info.plist */,
			);
			path = musicLocationTests;
			sourceTree = "<group>";
		};
		7EA52E4720EB171D00C79413 /* musicLocationUITests */ = {
			isa = PBXGroup;
			children = (
				7EA52E4820EB171D00C79413 /* musicLocationUITests.swift */,
				7EA52E4A20EB171D00C79413 /* Info.plist */,
			);
			path = musicLocationUITests;
			sourceTree = "<group>";
		};
/* End PBXGroup section */

/* Begin PBXNativeTarget section */
		7EA52E2120EB171D00C79413 /* musicLocation */ = {
			isa = PBXNativeTarget;
			buildConfigurationList = 7EA52E4D20EB171D00C79413 /* Build configuration list for PBXNativeTarget "musicLocation" */;
			buildPhases = (
				7EA52E1E20EB171D00C79413 /* Sources */,
				7EA52E1F20EB171D00C79413 /* Frameworks */,
				7EA52E2020EB171D00C79413 /* Resources */,
			);
			buildRules = (
			);
			dependencies = (
			);
			name = musicLocation;
			productName = musicLocation;
			productReference = 7EA52E2220EB171D00C79413 /* musicLocation.app */;
			productType = "com.apple.product-type.application";
		};
		7EA52E3820EB171D00C79413 /* musicLocationTests */ = {
			isa = PBXNativeTarget;
			buildConfigurationList = 7EA52E5020EB171D00C79413 /* Build configuration list for PBXNativeTarget "musicLocationTests" */;
			buildPhases = (
				7EA52E3520EB171D00C79413 /* Sources */,
				7EA52E3620EB171D00C79413 /* Frameworks */,
				7EA52E3720EB171D00C79413 /* Resources */,
			);
			buildRules = (
			);
			dependencies = (
				7EA52E3B20EB171D00C79413 /* PBXTargetDependency */,
			);
			name = musicLocationTests;
			productName = musicLocationTests;
			productReference = 7EA52E3920EB171D00C79413 /* musicLocationTests.xctest */;
			productType = "com.apple.product-type.bundle.unit-test";
		};
		7EA52E4320EB171D00C79413 /* musicLocationUITests */ = {
			isa = PBXNativeTarget;
			buildConfigurationList = 7EA52E5320EB171D00C79413 /* Build configuration list for PBXNativeTarget "musicLocationUITests" */;
			buildPhases = (
				7EA52E4020EB171D00C79413 /* Sources */,
				7EA52E4120EB171D00C79413 /* Frameworks */,
				7EA52E4220EB171D00C79413 /* Resources */,
			);
			buildRules = (
			);
			dependencies = (
				7EA52E4620EB171D00C79413 /* PBXTargetDependency */,
			);
			name = musicLocationUITests;
			productName = musicLocationUITests;
			productReference = 7EA52E4420EB171D00C79413 /* musicLocationUITests.xctest */;
			productType = "com.apple.product-type.bundle.ui-testing";
		};
/* End PBXNativeTarget section */

/* Begin PBXProject section */
		7EA52E1A20EB171D00C79413 /* Project object */ = {
			isa = PBXProject;
			attributes = {
				LastSwiftUpdateCheck = 0920;
				LastUpgradeCheck = 0920;
				ORGANIZATIONNAME = "big-jared";
				TargetAttributes = {
					7EA52E2120EB171D00C79413 = {
						CreatedOnToolsVersion = 9.2;
						ProvisioningStyle = Automatic;
					};
					7EA52E3820EB171D00C79413 = {
						CreatedOnToolsVersion = 9.2;
						ProvisioningStyle = Automatic;
						TestTargetID = 7EA52E2120EB171D00C79413;
					};
					7EA52E4320EB171D00C79413 = {
						CreatedOnToolsVersion = 9.2;
						ProvisioningStyle = Automatic;
						TestTargetID = 7EA52E2120EB171D00C79413;
					};
				};
			};
			buildConfigurationList = 7EA52E1D20EB171D00C79413 /* Build configuration list for PBXProject "musicLocation" */;
			compatibilityVersion = "Xcode 8.0";
			developmentRegion = en;
			hasScannedForEncodings = 0;
			knownRegions = (
				en,
				Base,
			);
			mainGroup = 7EA52E1920EB171D00C79413;
			productRefGroup = 7EA52E2320EB171D00C79413 /* Products */;
			projectDirPath = "";
			projectRoot = "";
			targets = (
				7EA52E2120EB171D00C79413 /* musicLocation */,
				7EA52E3820EB171D00C79413 /* musicLocationTests */,
				7EA52E4320EB171D00C79413 /* musicLocationUITests */,
			);
		};
/* End PBXProject section */

/* Begin PBXResourcesBuildPhase section */
		7EA52E2020EB171D00C79413 /* Resources */ = {
			isa = PBXResourcesBuildPhase;
			buildActionMask = 2147483647;
			files = (
				7EA52E3320EB171D00C79413 /* LaunchScreen.storyboard in Resources */,
				7EA52E3020EB171D00C79413 /* Assets.xcassets in Resources */,
				7EA52E2B20EB171D00C79413 /* Main.storyboard in Resources */,
			);
			runOnlyForDeploymentPostprocessing = 0;
		};
		7EA52E3720EB171D00C79413 /* Resources */ = {
			isa = PBXResourcesBuildPhase;
			buildActionMask = 2147483647;
			files = (
			);
			runOnlyForDeploymentPostprocessing = 0;
		};
		7EA52E4220EB171D00C79413 /* Resources */ = {
			isa = PBXResourcesBuildPhase;
			buildActionMask = 2147483647;
			files = (
			);
			runOnlyForDeploymentPostprocessing = 0;
		};
/* End PBXResourcesBuildPhase section */

/* Begin PBXSourcesBuildPhase section */
		7EA52E1E20EB171D00C79413 /* Sources */ = {
			isa = PBXSourcesBuildPhase;
			buildActionMask = 2147483647;
			files = (
				7EA52E2820EB171D00C79413 /* ViewController.swift in Sources */,
				7EA52E2620EB171D00C79413 /* AppDelegate.swift in Sources */,
				7EA52E2E20EB171D00C79413 /* musicLocation.xcdatamodeld in Sources */,
			);
			runOnlyForDeploymentPostprocessing = 0;
		};
		7EA52E3520EB171D00C79413 /* Sources */ = {
			isa = PBXSourcesBuildPhase;
			buildActionMask = 2147483647;
			files = (
				7EA52E3E20EB171D00C79413 /* musicLocationTests.swift in Sources */,
			);
			runOnlyForDeploymentPostprocessing = 0;
		};
		7EA52E4020EB171D00C79413 /* Sources */ = {
			isa = PBXSourcesBuildPhase;
			buildActionMask = 2147483647;
			files = (
				7EA52E4920EB171D00C79413 /* musicLocationUITests.swift in Sources */,
			);
			runOnlyForDeploymentPostprocessing = 0;
		};
/* End PBXSourcesBuildPhase section */

/* Begin PBXTargetDependency section */
		7EA52E3B20EB171D00C79413 /* PBXTargetDependency */ = {
			isa = PBXTargetDependency;
			target = 7EA52E2120EB171D00C79413 /* musicLocation */;
			targetProxy = 7EA52E3A20EB171D00C79413 /* PBXContainerItemProxy */;
		};
		7EA52E4620EB171D00C79413 /* PBXTargetDependency */ = {
			isa = PBXTargetDependency;
			target = 7EA52E2120EB171D00C79413 /* musicLocation */;
			targetProxy = 7EA52E4520EB171D00C79413 /* PBXContainerItemProxy */;
		};
/* End PBXTargetDependency section */

/* Begin PBXVariantGroup section */
		7EA52E2920EB171D00C79413 /* Main.storyboard */ = {
			isa = PBXVariantGroup;
			children = (
				7EA52E2A20EB171D00C79413 /* Base */,
			);
			name = Main.storyboard;
			sourceTree = "<group>";
		};
		7EA52E3120EB171D00C79413 /* LaunchScreen.storyboard */ = {
			isa = PBXVariantGroup;
			children = (
				7EA52E3220EB171D00C79413 /* Base */,
			);
			name = LaunchScreen.storyboard;
			sourceTree = "<group>";
		};
/* End PBXVariantGroup section */

/* Begin XCBuildConfiguration section */
		7EA52E4B20EB171D00C79413 /* Debug */ = {
			isa = XCBuildConfiguration;
			buildSettings = {
				ALWAYS_SEARCH_USER_PATHS = NO;
				CLANG_ANALYZER_NONNULL = YES;
				CLANG_ANALYZER_NUMBER_OBJECT_CONVERSION = YES_AGGRESSIVE;
				CLANG_CXX_LANGUAGE_STANDARD = "gnu++14";
				CLANG_CXX_LIBRARY = "libc++";
				CLANG_ENABLE_MODULES = YES;
				CLANG_ENABLE_OBJC_ARC = YES;
				CLANG_WARN_BLOCK_CAPTURE_AUTORELEASING = YES;
				CLANG_WARN_BOOL_CONVERSION = YES;
				CLANG_WARN_COMMA = YES;
				CLANG_WARN_CONSTANT_CONVERSION = YES;
				CLANG_WARN_DIRECT_OBJC_ISA_USAGE = YES_ERROR;
				CLANG_WARN_DOCUMENTATION_COMMENTS = YES;
				CLANG_WARN_EMPTY_BODY = YES;
				CLANG_WARN_ENUM_CONVERSION = YES;
				CLANG_WARN_INFINITE_RECURSION = YES;
				CLANG_WARN_INT_CONVERSION = YES;
				CLANG_WARN_NON_LITERAL_NULL_CONVERSION = YES;
				CLANG_WARN_OBJC_LITERAL_CONVERSION = YES;
				CLANG_WARN_OBJC_ROOT_CLASS = YES_ERROR;
				CLANG_WARN_RANGE_LOOP_ANALYSIS = YES;
				CLANG_WARN_STRICT_PROTOTYPES = YES;
				CLANG_WARN_SUSPICIOUS_MOVE = YES;
				CLANG_WARN_UNGUARDED_AVAILABILITY = YES_AGGRESSIVE;
				CLANG_WARN_UNREACHABLE_CODE = YES;
				CLANG_WARN__DUPLICATE_METHOD_MATCH = YES;
				CODE_SIGN_IDENTITY = "iPhone Developer";
				COPY_PHASE_STRIP = NO;
				DEBUG_INFORMATION_FORMAT = dwarf;
				ENABLE_STRICT_OBJC_MSGSEND = YES;
				ENABLE_TESTABILITY = YES;
				GCC_C_LANGUAGE_STANDARD = gnu11;
				GCC_DYNAMIC_NO_PIC = NO;
				GCC_NO_COMMON_BLOCKS = YES;
				GCC_OPTIMIZATION_LEVEL = 0;
				GCC_PREPROCESSOR_DEFINITIONS = (
					"DEBUG=1",
					"$(inherited)",
				);
				GCC_WARN_64_TO_32_BIT_CONVERSION = YES;
				GCC_WARN_ABOUT_RETURN_TYPE = YES_ERROR;
				GCC_WARN_UNDECLARED_SELECTOR = YES;
				GCC_WARN_UNINITIALIZED_AUTOS = YES_AGGRESSIVE;
				GCC_WARN_UNUSED_FUNCTION = YES;
				GCC_WARN_UNUSED_VARIABLE = YES;
				IPHONEOS_DEPLOYMENT_TARGET = 11.2;
				MTL_ENABLE_DEBUG_INFO = YES;
				ONLY_ACTIVE_ARCH = YES;
				SDKROOT = iphoneos;
				SWIFT_ACTIVE_COMPILATION_CONDITIONS = DEBUG;
				SWIFT_OPTIMIZATION_LEVEL = "-Onone";
			};
			name = Debug;
		};
		7EA52E4C20EB171D00C79413 /* Release */ = {
			isa = XCBuildConfiguration;
			buildSettings = {
				ALWAYS_SEARCH_USER_PATHS = NO;
				CLANG_ANALYZER_NONNULL = YES;
				CLANG_ANALYZER_NUMBER_OBJECT_CONVERSION = YES_AGGRESSIVE;
				CLANG_CXX_LANGUAGE_STANDARD = "gnu++14";
				CLANG_CXX_LIBRARY = "libc++";
				CLANG_ENABLE_MODULES = YES;
				CLANG_ENABLE_OBJC_ARC = YES;
				CLANG_WARN_BLOCK_CAPTURE_AUTORELEASING = YES;
				CLANG_WARN_BOOL_CONVERSION = YES;
				CLANG_WARN_COMMA = YES;
				CLANG_WARN_CONSTANT_CONVERSION = YES;
				CLANG_WARN_DIRECT_OBJC_ISA_USAGE = YES_ERROR;
				CLANG_WARN_DOCUMENTATION_COMMENTS = YES;
				CLANG_WARN_EMPTY_BODY = YES;
				CLANG_WARN_ENUM_CONVERSION = YES;
				CLANG_WARN_INFINITE_RECURSION = YES;
				CLANG_WARN_INT_CONVERSION = YES;
				CLANG_WARN_NON_LITERAL_NULL_CONVERSION = YES;
				CLANG_WARN_OBJC_LITERAL_CONVERSION = YES;
				CLANG_WARN_OBJC_ROOT_CLASS = YES_ERROR;
				CLANG_WARN_RANGE_LOOP_ANALYSIS = YES;
				CLANG_WARN_STRICT_PROTOTYPES = YES;
				CLANG_WARN_SUSPICIOUS_MOVE = YES;
				CLANG_WARN_UNGUARDED_AVAILABILITY = YES_AGGRESSIVE;
				CLANG_WARN_UNREACHABLE_CODE = YES;
				CLANG_WARN__DUPLICATE_METHOD_MATCH = YES;
				CODE_SIGN_IDENTITY = "iPhone Developer";
				COPY_PHASE_STRIP = NO;
				DEBUG_INFORMATION_FORMAT = "dwarf-with-dsym";
				ENABLE_NS_ASSERTIONS = NO;
				ENABLE_STRICT_OBJC_MSGSEND = YES;
				GCC_C_LANGUAGE_STANDARD = gnu11;
				GCC_NO_COMMON_BLOCKS = YES;
				GCC_WARN_64_TO_32_BIT_CONVERSION = YES;
				GCC_WARN_ABOUT_RETURN_TYPE = YES_ERROR;
				GCC_WARN_UNDECLARED_SELECTOR = YES;
				GCC_WARN_UNINITIALIZED_AUTOS = YES_AGGRESSIVE;
				GCC_WARN_UNUSED_FUNCTION = YES;
				GCC_WARN_UNUSED_VARIABLE = YES;
				IPHONEOS_DEPLOYMENT_TARGET = 11.2;
				MTL_ENABLE_DEBUG_INFO = NO;
				SDKROOT = iphoneos;
				SWIFT_OPTIMIZATION_LEVEL = "-Owholemodule";
				VALIDATE_PRODUCT = YES;
			};
			name = Release;
		};
		7EA52E4E20EB171D00C79413 /* Debug */ = {
			isa = XCBuildConfiguration;
			buildSettings = {
				ASSETCATALOG_COMPILER_APPICON_NAME = AppIcon;
				CODE_SIGN_STYLE = Automatic;
				INFOPLIST_FILE = musicLocation/Info.plist;
				LD_RUNPATH_SEARCH_PATHS = "$(inherited) @executable_path/Frameworks";
				PRODUCT_BUNDLE_IDENTIFIER = "big-jared.musicLocation";
				PRODUCT_NAME = "$(TARGET_NAME)";
				SWIFT_VERSION = 4.0;
				TARGETED_DEVICE_FAMILY = "1,2";
			};
			name = Debug;
		};
		7EA52E4F20EB171D00C79413 /* Release */ = {
			isa = XCBuildConfiguration;
			buildSettings = {
				ASSETCATALOG_COMPILER_APPICON_NAME = AppIcon;
				CODE_SIGN_STYLE = Automatic;
				INFOPLIST_FILE = musicLocation/Info.plist;
				LD_RUNPATH_SEARCH_PATHS = "$(inherited) @executable_path/Frameworks";
				PRODUCT_BUNDLE_IDENTIFIER = "big-jared.musicLocation";
				PRODUCT_NAME = "$(TARGET_NAME)";
				SWIFT_VERSION = 4.0;
				TARGETED_DEVICE_FAMILY = "1,2";
			};
			name = Release;
		};
		7EA52E5120EB171D00C79413 /* Debug */ = {
			isa = XCBuildConfiguration;
			buildSettings = {
				ALWAYS_EMBED_SWIFT_STANDARD_LIBRARIES = YES;
				BUNDLE_LOADER = "$(TEST_HOST)";
				CODE_SIGN_STYLE = Automatic;
				INFOPLIST_FILE = musicLocationTests/Info.plist;
				LD_RUNPATH_SEARCH_PATHS = "$(inherited) @executable_path/Frameworks @loader_path/Frameworks";
				PRODUCT_BUNDLE_IDENTIFIER = "big-jared.musicLocationTests";
				PRODUCT_NAME = "$(TARGET_NAME)";
				SWIFT_VERSION = 4.0;
				TARGETED_DEVICE_FAMILY = "1,2";
				TEST_HOST = "$(BUILT_PRODUCTS_DIR)/musicLocation.app/musicLocation";
			};
			name = Debug;
		};
		7EA52E5220EB171D00C79413 /* Release */ = {
			isa = XCBuildConfiguration;
			buildSettings = {
				ALWAYS_EMBED_SWIFT_STANDARD_LIBRARIES = YES;
				BUNDLE_LOADER = "$(TEST_HOST)";
				CODE_SIGN_STYLE = Automatic;
				INFOPLIST_FILE = musicLocationTests/Info.plist;
				LD_RUNPATH_SEARCH_PATHS = "$(inherited) @executable_path/Frameworks @loader_path/Frameworks";
				PRODUCT_BUNDLE_IDENTIFIER = "big-jared.musicLocationTests";
				PRODUCT_NAME = "$(TARGET_NAME)";
				SWIFT_VERSION = 4.0;
				TARGETED_DEVICE_FAMILY = "1,2";
				TEST_HOST = "$(BUILT_PRODUCTS_DIR)/musicLocation.app/musicLocation";
			};
			name = Release;
		};
		7EA52E5420EB171D00C79413 /* Debug */ = {
			isa = XCBuildConfiguration;
			buildSettings = {
				ALWAYS_EMBED_SWIFT_STANDARD_LIBRARIES = YES;
				CODE_SIGN_STYLE = Automatic;
				INFOPLIST_FILE = musicLocationUITests/Info.plist;
				LD_RUNPATH_SEARCH_PATHS = "$(inherited) @executable_path/Frameworks @loader_path/Frameworks";
				PRODUCT_BUNDLE_IDENTIFIER = "big-jared.musicLocationUITests";
				PRODUCT_NAME = "$(TARGET_NAME)";
				SWIFT_VERSION = 4.0;
				TARGETED_DEVICE_FAMILY = "1,2";
				TEST_TARGET_NAME = musicLocation;
			};
			name = Debug;
		};
		7EA52E5520EB171D00C79413 /* Release */ = {
			isa = XCBuildConfiguration;
			buildSettings = {
				ALWAYS_EMBED_SWIFT_STANDARD_LIBRARIES = YES;
				CODE_SIGN_STYLE = Automatic;
				INFOPLIST_FILE = musicLocationUITests/Info.plist;
				LD_RUNPATH_SEARCH_PATHS = "$(inherited) @executable_path/Frameworks @loader_path/Frameworks";
				PRODUCT_BUNDLE_IDENTIFIER = "big-jared.musicLocationUITests";
				PRODUCT_NAME = "$(TARGET_NAME)";
				SWIFT_VERSION = 4.0;
				TARGETED_DEVICE_FAMILY = "1,2";
				TEST_TARGET_NAME = musicLocation;
			};
			name = Release;
		};
/* End XCBuildConfiguration section */

/* Begin XCConfigurationList section */
		7EA52E1D20EB171D00C79413 /* Build configuration list for PBXProject "musicLocation" */ = {
			isa = XCConfigurationList;
			buildConfigurations = (
				7EA52E4B20EB171D00C79413 /* Debug */,
				7EA52E4C20EB171D00C79413 /* Release */,
			);
			defaultConfigurationIsVisible = 0;
			defaultConfigurationName = Release;
		};
		7EA52E4D20EB171D00C79413 /* Build configuration list for PBXNativeTarget "musicLocation" */ = {
			isa = XCConfigurationList;
			buildConfigurations = (
				7EA52E4E20EB171D00C79413 /* Debug */,
				7EA52E4F20EB171D00C79413 /* Release */,
			);
			defaultConfigurationIsVisible = 0;
			defaultConfigurationName = Release;
		};
		7EA52E5020EB171D00C79413 /* Build configuration list for PBXNativeTarget "musicLocationTests" */ = {
			isa = XCConfigurationList;
			buildConfigurations = (
				7EA52E5120EB171D00C79413 /* Debug */,
				7EA52E5220EB171D00C79413 /* Release */,
			);
			defaultConfigurationIsVisible = 0;
			defaultConfigurationName = Release;
		};
		7EA52E5320EB171D00C79413 /* Build configuration list for PBXNativeTarget "musicLocationUITests" */ = {
			isa = XCConfigurationList;
			buildConfigurations = (
				7EA52E5420EB171D00C79413 /* Debug */,
				7EA52E5520EB171D00C79413 /* Release */,
			);
			defaultConfigurationIsVisible = 0;
			defaultConfigurationName = Release;
		};
/* End XCConfigurationList section */

/* Begin XCVersionGroup section */
		7EA52E2C20EB171D00C79413 /* musicLocation.xcdatamodeld */ = {
			isa = XCVersionGroup;
			children = (
				7EA52E2D20EB171D00C79413 /* musicLocation.xcdatamodel */,
			);
			currentVersion = 7EA52E2D20EB171D00C79413 /* musicLocation.xcdatamodel */;
			path = musicLocation.xcdatamodeld;
			sourceTree = "<group>";
			versionGroupType = wrapper.xcdatamodel;
		};
/* End XCVersionGroup section */
	};
	rootObject = 7EA52E1A20EB171D00C79413 /* Project object */;
}
